version = 1
revision = 2
requires-python = ">=3.11"

[[package]]
name = "posix-ipc"
version = "1.2.0"
source = { registry = "https://pypi.org/simple" }
sdist = { url = "https://files.pythonhosted.org/packages/9c/2a/a57c6feeb9efc74d0c6867a915abf9dc00747e1789dc8d33c0ef5bf37906/posix_ipc-1.2.0.tar.gz", hash = "sha256:b7444e2703c156b3cb9fcb568e85d716232f3e78f04529ebc881cfb2aedb3838", size = 95859, upload-time = "2025-04-17T01:11:01.291Z" }
wheels = [
    { url = "https://files.pythonhosted.org/packages/35/3b/90fab6c45428fcf73fea704d4af870c3d4d33212688329fc0569d012cbeb/posix_ipc-1.2.0-cp311-cp311-macosx_10_9_x86_64.whl", hash = "sha256:3d84f9210f687271aed0bcf9abc9910132857030b642df0200392e39c862eba2", size = 11707, upload-time = "2025-04-17T01:09:45.471Z" },
    { url = "https://files.pythonhosted.org/packages/76/ef/ef31fa10948f3fe13ba43e43c4c3bdfba15afce451b1462aef9904f85654/posix_ipc-1.2.0-cp311-cp311-macosx_11_0_arm64.whl", hash = "sha256:596dacd60c8d28526e2b62ab4345a4529a83e24a169c1565cd7b1aa3616d8228", size = 12002, upload-time = "2025-04-17T01:09:46.19Z" },
    { url = "https://files.pythonhosted.org/packages/83/7b/62a4ef0c4719530c605b63ea3f97d3b12e2291bb06b39533f04215c6bc53/posix_ipc-1.2.0-cp311-cp311-manylinux_2_17_aarch64.manylinux2014_aarch64.whl", hash = "sha256:888608a62cc19ab7d121c4c2eed9eeada2446ecc83955b5816f802c57c137eee", size = 50948, upload-time = "2025-04-17T01:09:47.35Z" },
    { url = "https://files.pythonhosted.org/packages/3b/87/dd475ba21ae9d11701470f1108f1a8910206f9df7ec123006cc7131099c3/posix_ipc-1.2.0-cp311-cp311-manylinux_2_5_i686.manylinux1_i686.manylinux_2_17_i686.manylinux2014_i686.whl", hash = "sha256:befb4f26bdc95eac3b137d46689b5a38993949aa1b4d50f03120e6cc8ef238a6", size = 47242, upload-time = "2025-04-17T01:09:48.346Z" },
    { url = "https://files.pythonhosted.org/packages/90/9c/7ae0c46a63e675768ba8cccc314b26defd7e3fb9257ecda9588b5feeeaec/posix_ipc-1.2.0-cp311-cp311-manylinux_2_5_x86_64.manylinux1_x86_64.manylinux_2_17_x86_64.manylinux2014_x86_64.whl", hash = "sha256:240711bb64d25b227b4c35c86266ebc0180882056c3d87c40a349159d5acbf22", size = 51563, upload-time = "2025-04-17T01:09:49.158Z" },
    { url = "https://files.pythonhosted.org/packages/ef/ce/688c2b71b446b3f96d5068a38032a4a64987eb00b126e00ff02adc27f79b/posix_ipc-1.2.0-cp311-cp311-musllinux_1_2_aarch64.whl", hash = "sha256:76f901d5779796a9bfa024b2dcfc6a900e7c777d77088116d4487fe65acc7ff8", size = 49908, upload-time = "2025-04-17T01:09:50.002Z" },
    { url = "https://files.pythonhosted.org/packages/ab/ad/9a0a3523b11e59dfa218375a3ac63e870b1e3ef87be9acd85818c8be675d/posix_ipc-1.2.0-cp311-cp311-musllinux_1_2_i686.whl", hash = "sha256:69b0d76c5df7e042ad1313171c99f1586dd7c53f7d85ed60f1fa96a45cde35f5", size = 46761, upload-time = "2025-04-17T01:09:50.81Z" },
    { url = "https://files.pythonhosted.org/packages/a4/6f/bed7e1eddf62de84aa263d392aa2d416b45fe98619e12f179945e67da869/posix_ipc-1.2.0-cp311-cp311-musllinux_1_2_x86_64.whl", hash = "sha256:68ddc36ca0beb346b6e40d7dae1f94a2db0829f13e963bd7300201b1b6234d32", size = 49869, upload-time = "2025-04-17T01:09:52.058Z" },
    { url = "https://files.pythonhosted.org/packages/bd/f2/ad7c69041909f21f2303d38a9c10520a01143bb3009c306857d25670bd39/posix_ipc-1.2.0-cp312-cp312-macosx_10_13_x86_64.whl", hash = "sha256:949f2bd61466b58ef4a2634c707ec0dbf77f76d79605815481ba295a02d24432", size = 11715, upload-time = "2025-04-17T01:09:52.889Z" },
    { url = "https://files.pythonhosted.org/packages/11/1b/1492f4568fcd433d07c4f930e4dc7c4a3840160f769d11af5f9b8e53d458/posix_ipc-1.2.0-cp312-cp312-macosx_11_0_arm64.whl", hash = "sha256:eb652ca855882bdf2b36c42031149e5eb28daad52490114501c73c9eb378be64", size = 12038, upload-time = "2025-04-17T01:09:54.082Z" },
    { url = "https://files.pythonhosted.org/packages/53/f2/93e5fcc326daa9428ffb63b2526faa9c5565caafe30c7385a28f7b9546db/posix_ipc-1.2.0-cp312-cp312-manylinux_2_17_aarch64.manylinux2014_aarch64.whl", hash = "sha256:875b121e649c49d405c2db0d737c7970822ef70c3b0d63a66a95a94f8672caf7", size = 50227, upload-time = "2025-04-17T01:09:55.321Z" },
    { url = "https://files.pythonhosted.org/packages/49/66/660c6076bf12b3070a22be98d1089e0439060b09f089165affbd0ab8d593/posix_ipc-1.2.0-cp312-cp312-manylinux_2_5_i686.manylinux1_i686.manylinux_2_17_i686.manylinux2014_i686.whl", hash = "sha256:eabc30bf5c6547dffb4ed054a8eb62f8903829d140ded116766c93afc841830c", size = 46531, upload-time = "2025-04-17T01:09:56.235Z" },
    { url = "https://files.pythonhosted.org/packages/91/1d/72453d8d914620ad18d79594ac34ea45e67cfa4b8141d1551170a1bd5286/posix_ipc-1.2.0-cp312-cp312-manylinux_2_5_x86_64.manylinux1_x86_64.manylinux_2_17_x86_64.manylinux2014_x86_64.whl", hash = "sha256:f3eac22f0b9d31028037f7f2e569bef5874d99213de165944dcaaa71514692cd", size = 51164, upload-time = "2025-04-17T01:09:57.162Z" },
    { url = "https://files.pythonhosted.org/packages/bf/f0/a687146e2605799e21efa42f93b3e825d69ff6193bd76ae18c99a5735a57/posix_ipc-1.2.0-cp312-cp312-musllinux_1_2_aarch64.whl", hash = "sha256:ea3a33d5a878ef3ff33284cf1a3d97ee3ae8c75339a4f76db20df8f2453f84b6", size = 49183, upload-time = "2025-04-17T01:09:58.011Z" },
    { url = "https://files.pythonhosted.org/packages/cd/61/80d5dd000af071b4b77310958f58b3791257794ea400b61785aaa0514c7d/posix_ipc-1.2.0-cp312-cp312-musllinux_1_2_i686.whl", hash = "sha256:5fb7a8b4ed016a3deada828d8c2a4ec0bf0f36a984bf45ede2356cfc78d5c398", size = 46293, upload-time = "2025-04-17T01:09:58.857Z" },
    { url = "https://files.pythonhosted.org/packages/b0/15/bc70e228352aedd4293ddfcf7f83ed453ef2cc68430ed8a46608bd37f244/posix_ipc-1.2.0-cp312-cp312-musllinux_1_2_x86_64.whl", hash = "sha256:65ce8371899ce170388eed7579f4072ac42345824198bf5d4eda5e84b8bdf123", size = 49465, upload-time = "2025-04-17T01:10:00.129Z" },
    { url = "https://files.pythonhosted.org/packages/c1/29/05c2e9d5422c96eda54abe36cf46bb51fda16078d2ff7696fdb42b48b4aa/posix_ipc-1.2.0-cp313-cp313-macosx_10_13_x86_64.whl", hash = "sha256:f5cb3f1b43f81b2a4a99a65a35e52a189fa57811e205d6a4bddedff60d5e181d", size = 11699, upload-time = "2025-04-17T01:10:01.451Z" },
    { url = "https://files.pythonhosted.org/packages/01/51/f57639ce94e3ba990c851676db90fc271ce6bc7a9be791bf7eba8fd90e07/posix_ipc-1.2.0-cp313-cp313-macosx_11_0_arm64.whl", hash = "sha256:cb8ae6ed92c8c9fae03e77febf075bf17f4685a647c7a2f343afe7cd0aac6ac7", size = 12043, upload-time = "2025-04-17T01:10:02.255Z" },
    { url = "https://files.pythonhosted.org/packages/f6/4a/e23da672a6b716567d418e80c415f4115321ca0c9af843f9e910eb1f9188/posix_ipc-1.2.0-cp313-cp313-manylinux_2_17_aarch64.manylinux2014_aarch64.whl", hash = "sha256:511c8edffc7cd2f2e280423c20130be51815562e93e4e1e4971ee945ebf60b1a", size = 50263, upload-time = "2025-04-17T01:10:02.999Z" },
    { url = "https://files.pythonhosted.org/packages/84/fd/290d05ca969128800361dde6d601d868ef0d2531ce78b495054aeb793796/posix_ipc-1.2.0-cp313-cp313-manylinux_2_5_i686.manylinux1_i686.manylinux_2_17_i686.manylinux2014_i686.whl", hash = "sha256:38fc17ee9685b475d7f281b3b045de367ebbfb2b8bf834741ffb00fbb55ab120", size = 46573, upload-time = "2025-04-17T01:10:04.425Z" },
    { url = "https://files.pythonhosted.org/packages/c1/a8/ebdc71897a2c88dda580176113d098496318fbc13497d00a71e26d38aa98/posix_ipc-1.2.0-cp313-cp313-manylinux_2_5_x86_64.manylinux1_x86_64.manylinux_2_17_x86_64.manylinux2014_x86_64.whl", hash = "sha256:e52c2d68ff7e6c80655c984f96322e587304cff407066522a56334370fdd852d", size = 51220, upload-time = "2025-04-17T01:10:05.668Z" },
    { url = "https://files.pythonhosted.org/packages/8e/09/7b998ac52d95a27ac0e3dd268ae97dfe71f87089573c45d8584b06114481/posix_ipc-1.2.0-cp313-cp313-musllinux_1_2_aarch64.whl", hash = "sha256:137e22b7c19b3973b8c790959d1073a846ff7011cec7be27549d53cf7ed8fc8a", size = 49219, upload-time = "2025-04-17T01:10:06.585Z" },
    { url = "https://files.pythonhosted.org/packages/c4/0b/d15ec814071a87f312896a6f093611b145f4308c4cebf98aa0d0ef225cc6/posix_ipc-1.2.0-cp313-cp313-musllinux_1_2_i686.whl", hash = "sha256:ae32c0b096d882107c7c8443221a263f8afc60b67dba4d65ba21fcf2883da651", size = 46358, upload-time = "2025-04-17T01:10:07.519Z" },
    { url = "https://files.pythonhosted.org/packages/aa/be/8b65bf3f825ec4ac8278fd8a61c95236f7c412a32ce86c7b0eb6421a913d/posix_ipc-1.2.0-cp313-cp313-musllinux_1_2_x86_64.whl", hash = "sha256:ad4698bc6b3b2bd5a13b3b367e1789cdcc174e5c365ac7a87341a9d9ed4b1991", size = 49530, upload-time = "2025-04-17T01:10:08.421Z" },
    { url = "https://files.pythonhosted.org/packages/5f/e4/72ca9e9fcfd1933d071c594fc4d31cec452e2015e0f5c451c240deefbb0d/posix_ipc-1.2.0-pp311-pypy311_pp73-macosx_10_15_x86_64.whl", hash = "sha256:7cc24f932c4e854d5387dd47cf347b63022b00710d31ffcc585ffe9075930af6", size = 11312, upload-time = "2025-04-17T01:10:38.919Z" },
    { url = "https://files.pythonhosted.org/packages/97/d3/8764cb3af6c0a94a700fadc69b2c345c0491e9924bb839064238ff1c8e96/posix_ipc-1.2.0-pp311-pypy311_pp73-macosx_11_0_arm64.whl", hash = "sha256:e7b5c24ff551ac16346243b67deb54bfa5ade7521bd5fb06f402218f8ffd737d", size = 11507, upload-time = "2025-04-17T01:10:39.736Z" },
    { url = "https://files.pythonhosted.org/packages/de/af/5172ea68ba0d593bbc78bd152f1286c99d0e6250912fc3439c3f80c08070/posix_ipc-1.2.0-pp311-pypy311_pp73-manylinux_2_17_aarch64.manylinux2014_aarch64.whl", hash = "sha256:6f569e905f15109bc3d9e233f2a66666182f97bc745210c0fc786a94b4526381", size = 19575, upload-time = "2025-04-17T01:10:41.201Z" },
    { url = "https://files.pythonhosted.org/packages/2a/e6/e691de61820b0fcc784e5a7be971fe4724136ef61f19149f1897de57f917/posix_ipc-1.2.0-pp311-pypy311_pp73-manylinux_2_5_i686.manylinux1_i686.manylinux_2_17_i686.manylinux2014_i686.whl", hash = "sha256:4e5f07fd85f5fe4295112f2752399d61f8a9cbc83c6d51acb2ed4657d8182271", size = 20603, upload-time = "2025-04-17T01:10:42.501Z" },
    { url = "https://files.pythonhosted.org/packages/15/f9/eb58deffffe17fffb882f9aa2aeb1dec938836efc1fd88b18a1b6b64dcfb/posix_ipc-1.2.0-pp311-pypy311_pp73-manylinux_2_5_x86_64.manylinux1_x86_64.manylinux_2_17_x86_64.manylinux2014_x86_64.whl", hash = "sha256:963cdd273cbcbc87ee855310b3b0fc0f3d757574315d999a592aafc8949e2f7c", size = 20091, upload-time = "2025-04-17T01:10:43.421Z" },
]

[[package]]
name = "sensors2shm"
version = "0.1.0"
source = { virtual = "." }
dependencies = [
    { name = "posix-ipc" },
]

[package.metadata]
requires-dist = [{ name = "posix-ipc", specifier = ">=1.2.0" }]
